{
  "nodes": {
    "luvit": {
      "flake": false,
      "locked": {
        "lastModified": 1666399917,
        "narHash": "sha256-4F0g+SuN84YJ+KSgz5g8kcDaZXtn/cRmZP4O5f+Cnhg=",
        "owner": "luvit",
        "repo": "luvit",
        "rev": "da7c8c24f95f990733a50c2b05cc85f0055820c9",
        "type": "github"
      },
      "original": {
        "owner": "luvit",
        "repo": "luvit",
        "type": "github"
      }
    },
    "nixpkgs": {
      "locked": {
        "lastModified": 1674874708,
        "narHash": "sha256-/BbAKTial3R+ik//utXtwJN4CWSSB4+jMMO4GNoxScs=",
        "owner": "nixos",
        "repo": "nixpkgs",
        "rev": "03c9c3e544c9beff8d388919383873fed396bfd7",
        "type": "github"
      },
      "original": {
        "owner": "nixos",
        "repo": "nixpkgs",
        "type": "github"
      }
    },
    "root": {
      "inputs": {
        "luvit": "luvit",
        "nixpkgs": "nixpkgs"
      }
    }
  },
  "root": "root",
  "version": 7
}
